
Microsoft Visual Studio Solution File, Format Version 12.00
# Visual Studio Version 17
VisualStudioVersion = 17.13.35806.99 d17.13
MinimumVisualStudioVersion = 10.0.40219.1
Project("{FAE04EC0-301F-11D3-BF4B-00C04F79EFBC}") = "GymManagementPL", "GymManagementPL\GymManagementPL.csproj", "{68E9CD59-6067-4A00-A093-84C3DAABBB8A}"
EndProject
Project("{FAE04EC0-301F-11D3-BF4B-00C04F79EFBC}") = "GymManagementDAL", "GymManagementDAL\GymManagementDAL.csproj", "{EFD235A8-F692-48F6-91C1-5F6D78CBFABF}"
EndProject
Project("{FAE04EC0-301F-11D3-BF4B-00C04F79EFBC}") = "GymManagementBLL", "GymManagementBLL\GymManagementBLL.csproj", "{1C75D860-7EF1-447C-81D2-F90942360EDC}"
EndProject
Global
	GlobalSection(SolutionConfigurationPlatforms) = preSolution
		Debug|Any CPU = Debug|Any CPU
		Release|Any CPU = Release|Any CPU
	EndGlobalSection
	GlobalSection(ProjectConfigurationPlatforms) = postSolution
		{68E9CD59-6067-4A00-A093-84C3DAABBB8A}.Debug|Any CPU.ActiveCfg = Debug|Any CPU
		{68E9CD59-6067-4A00-A093-84C3DAABBB8A}.Debug|Any CPU.Build.0 = Debug|Any CPU
		{68E9CD59-6067-4A00-A093-84C3DAABBB8A}.Release|Any CPU.ActiveCfg = Release|Any CPU
		{68E9CD59-6067-4A00-A093-84C3DAABBB8A}.Release|Any CPU.Build.0 = Release|Any CPU
		{EFD235A8-F692-48F6-91C1-5F6D78CBFABF}.Debug|Any CPU.ActiveCfg = Debug|Any CPU
		{EFD235A8-F692-48F6-91C1-5F6D78CBFABF}.Debug|Any CPU.Build.0 = Debug|Any CPU
		{EFD235A8-F692-48F6-91C1-5F6D78CBFABF}.Release|Any CPU.ActiveCfg = Release|Any CPU
		{EFD235A8-F692-48F6-91C1-5F6D78CBFABF}.Release|Any CPU.Build.0 = Release|Any CPU
		{1C75D860-7EF1-447C-81D2-F90942360EDC}.Debug|Any CPU.ActiveCfg = Debug|Any CPU
		{1C75D860-7EF1-447C-81D2-F90942360EDC}.Debug|Any CPU.Build.0 = Debug|Any CPU
		{1C75D860-7EF1-447C-81D2-F90942360EDC}.Release|Any CPU.ActiveCfg = Release|Any CPU
		{1C75D860-7EF1-447C-81D2-F90942360EDC}.Release|Any CPU.Build.0 = Release|Any CPU
	EndGlobalSection
	GlobalSection(SolutionProperties) = preSolution
		HideSolutionNode = FALSE
	EndGlobalSection
	GlobalSection(ExtensibilityGlobals) = postSolution
		SolutionGuid = {4066C920-1F1F-48A4-BE09-6EE4A8A24B38}
	EndGlobalSection
EndGlobal
